{
  "name": "ajturner-prototype-template",
  "version": "0.0.1",
  "lockfileVersion": 2,
  "requires": true,
  "packages": {
    "": {
      "name": "ajturner-prototype-template",
      "version": "0.0.1",
      "license": "Apache-2.0",
      "dependencies": {
        "@stencil/core": "^2.13.0",
        "@types/node": "^18.14.0"
      },
      "devDependencies": {
        "@esri/calcite-components": "^1.2.0",
        "@stencil/sass": "^2.0.0",
        "@stencil/store": "^2.0.1"
      }
    },
    "node_modules/@esri/calcite-components": {
      "version": "1.2.0",
      "resolved": "https://registry.npmjs.org/@esri/calcite-components/-/calcite-components-1.2.0.tgz",
      "integrity": "sha512-IAMOcnN9KxwjGVl2HqTvYEo7I18DAs4R03/jcDICumwqVI3jzzlfbTpBuLNvxLN1gMMTIHQe35Rf2tPWTOOBDA==",
      "dev": true,
      "dependencies": {
        "@floating-ui/dom": "1.2.1",
        "@stencil/core": "2.22.3",
        "@types/color": "3.0.3",
        "color": "4.2.3",
        "focus-trap": "7.4.0",
        "form-request-submit-polyfill": "2.0.0",
        "lodash-es": "4.17.21",
        "sortablejs": "1.15.0"
      }
    },
    "node_modules/@floating-ui/core": {
      "version": "1.2.5",
      "resolved": "https://registry.npmjs.org/@floating-ui/core/-/core-1.2.5.tgz",
      "integrity": "sha512-qrcbyfnRVziRlB6IYwjCopYhO7Vud750JlJyuljruIXcPxr22y8zdckcJGsuOdnQ639uVD1tTXddrcH3t3QYIQ==",
      "dev": true
    },
    "node_modules/@floating-ui/dom": {
      "version": "1.2.1",
      "resolved": "https://registry.npmjs.org/@floating-ui/dom/-/dom-1.2.1.tgz",
      "integrity": "sha512-Rt45SmRiV8eU+xXSB9t0uMYiQ/ZWGE/jumse2o3i5RGlyvcbqOF4q+1qBnzLE2kZ5JGhq0iMkcGXUKbFe7MpTA==",
      "dev": true,
      "dependencies": {
        "@floating-ui/core": "^1.2.1"
      }
    },
    "node_modules/@stencil/core": {
      "version": "2.22.3",
      "resolved": "https://registry.npmjs.org/@stencil/core/-/core-2.22.3.tgz",
      "integrity": "sha512-kmVA0M/HojwsfkeHsifvHVIYe4l5tin7J5+DLgtl8h6WWfiMClND5K3ifCXXI2ETDNKiEk21p6jql3Fx9o2rng==",
      "bin": {
        "stencil": "bin/stencil"
      },
      "engines": {
        "node": ">=12.10.0",
        "npm": ">=6.0.0"
      }
    },
    "node_modules/@stencil/sass": {
      "version": "2.0.4",
      "resolved": "https://registry.npmjs.org/@stencil/sass/-/sass-2.0.4.tgz",
      "integrity": "sha512-tq+ZgJ9ynmag+e21cYmA6+YYJxBJapxjf94eL+uysxY78dM1801ydAhnT+64S5UnX8Jh+22uAuTY2bEYDBPUww==",
      "dev": true,
      "peerDependencies": {
        "@stencil/core": ">=2.0.0 || >=3.0.0-beta.0"
      }
    },
    "node_modules/@stencil/store": {
      "version": "2.0.5",
      "resolved": "https://registry.npmjs.org/@stencil/store/-/store-2.0.5.tgz",
      "integrity": "sha512-5X6/GREyC30NmKCPn0oGENmVmvCb8pZZL81JR4dpS/0DM/+Z4YQZE8V+SOdJcwpkjqtUMOzPfxTnOCVr0n6Dog==",
      "dev": true,
      "peerDependencies": {
        "@stencil/core": ">=2.0.0 || >=3.0.0"
      }
    },
    "node_modules/@types/color": {
      "version": "3.0.3",
      "resolved": "https://registry.npmjs.org/@types/color/-/color-3.0.3.tgz",
      "integrity": "sha512-X//qzJ3d3Zj82J9sC/C18ZY5f43utPbAJ6PhYt/M7uG6etcF6MRpKdN880KBy43B0BMzSfeT96MzrsNjFI3GbA==",
      "dev": true,
      "dependencies": {
        "@types/color-convert": "*"
      }
    },
    "node_modules/@types/color-convert": {
      "version": "2.0.0",
      "resolved": "https://registry.npmjs.org/@types/color-convert/-/color-convert-2.0.0.tgz",
      "integrity": "sha512-m7GG7IKKGuJUXvkZ1qqG3ChccdIM/qBBo913z+Xft0nKCX4hAU/IxKwZBU4cpRZ7GS5kV4vOblUkILtSShCPXQ==",
      "dev": true,
      "dependencies": {
        "@types/color-name": "*"
      }
    },
    "node_modules/@types/color-name": {
      "version": "1.1.1",
      "resolved": "https://registry.npmjs.org/@types/color-name/-/color-name-1.1.1.tgz",
      "integrity": "sha512-rr+OQyAjxze7GgWrSaJwydHStIhHq2lvY3BOC2Mj7KnzI7XK0Uw1TOOdI9lDoajEbSWLiYgoo4f1R51erQfhPQ==",
      "dev": true
    },
    "node_modules/@types/node": {
      "version": "18.15.11",
      "resolved": "https://registry.npmjs.org/@types/node/-/node-18.15.11.tgz",
      "integrity": "sha512-E5Kwq2n4SbMzQOn6wnmBjuK9ouqlURrcZDVfbo9ftDDTFt3nk7ZKK4GMOzoYgnpQJKcxwQw+lGaBvvlMo0qN/Q=="
    },
    "node_modules/color": {
      "version": "4.2.3",
      "resolved": "https://registry.npmjs.org/color/-/color-4.2.3.tgz",
      "integrity": "sha512-1rXeuUUiGGrykh+CeBdu5Ie7OJwinCgQY0bc7GCRxy5xVHy+moaqkpL/jqQq0MtQOeYcrqEz4abc5f0KtU7W4A==",
      "dev": true,
      "dependencies": {
        "color-convert": "^2.0.1",
        "color-string": "^1.9.0"
      },
      "engines": {
        "node": ">=12.5.0"
      }
    },
    "node_modules/color-convert": {
      "version": "2.0.1",
      "resolved": "https://registry.npmjs.org/color-convert/-/color-convert-2.0.1.tgz",
      "integrity": "sha512-RRECPsj7iu/xb5oKYcsFHSppFNnsj/52OVTRKb4zP5onXwVF3zVmmToNcOfGC+CRDpfK/U584fMg38ZHCaElKQ==",
      "dev": true,
      "dependencies": {
        "color-name": "~1.1.4"
      },
      "engines": {
        "node": ">=7.0.0"
      }
    },
    "node_modules/color-name": {
      "version": "1.1.4",
      "resolved": "https://registry.npmjs.org/color-name/-/color-name-1.1.4.tgz",
      "integrity": "sha512-dOy+3AuW3a2wNbZHIuMZpTcgjGuLU/uBL/ubcZF9OXbDo8ff4O8yVp5Bf0efS8uEoYo5q4Fx7dY9OgQGXgAsQA==",
      "dev": true
    },
    "node_modules/color-string": {
      "version": "1.9.1",
      "resolved": "https://registry.npmjs.org/color-string/-/color-string-1.9.1.tgz",
      "integrity": "sha512-shrVawQFojnZv6xM40anx4CkoDP+fZsw/ZerEMsW/pyzsRbElpsL/DBVW7q3ExxwusdNXI3lXpuhEZkzs8p5Eg==",
      "dev": true,
      "dependencies": {
        "color-name": "^1.0.0",
        "simple-swizzle": "^0.2.2"
      }
    },
    "node_modules/focus-trap": {
      "version": "7.4.0",
      "resolved": "https://registry.npmjs.org/focus-trap/-/focus-trap-7.4.0.tgz",
      "integrity": "sha512-yI7FwUqU4TVb+7t6PaQ3spT/42r/KLEi8mtdGoQo2li/kFzmu9URmalTvw7xCCJtSOyhBxscvEAmvjeN9iHARg==",
      "dev": true,
      "dependencies": {
        "tabbable": "^6.1.1"
      }
    },
    "node_modules/form-request-submit-polyfill": {
      "version": "2.0.0",
      "resolved": "https://registry.npmjs.org/form-request-submit-polyfill/-/form-request-submit-polyfill-2.0.0.tgz",
      "integrity": "sha512-p0+M92y2gFnP0AuuL8VJ0GYVzAT0bYp3GsSkmPFhvUopdnfDLP/9xplQTBBc4w8qOjKRzdK7GaFcdL9IhlXdTQ==",
      "dev": true
    },
    "node_modules/is-arrayish": {
      "version": "0.3.2",
      "resolved": "https://registry.npmjs.org/is-arrayish/-/is-arrayish-0.3.2.tgz",
      "integrity": "sha512-eVRqCvVlZbuw3GrM63ovNSNAeA1K16kaR/LRY/92w0zxQ5/1YzwblUX652i4Xs9RwAGjW9d9y6X88t8OaAJfWQ==",
      "dev": true
    },
    "node_modules/lodash-es": {
      "version": "4.17.21",
      "resolved": "https://registry.npmjs.org/lodash-es/-/lodash-es-4.17.21.tgz",
      "integrity": "sha512-mKnC+QJ9pWVzv+C4/U3rRsHapFfHvQFoFB92e52xeyGMcX6/OlIl78je1u8vePzYZSkkogMPJ2yjxxsb89cxyw==",
      "dev": true
    },
    "node_modules/simple-swizzle": {
      "version": "0.2.2",
      "resolved": "https://registry.npmjs.org/simple-swizzle/-/simple-swizzle-0.2.2.tgz",
      "integrity": "sha512-JA//kQgZtbuY83m+xT+tXJkmJncGMTFT+C+g2h2R9uxkYIrE2yy9sgmcLhCnw57/WSD+Eh3J97FPEDFnbXnDUg==",
      "dev": true,
      "dependencies": {
        "is-arrayish": "^0.3.1"
      }
    },
    "node_modules/sortablejs": {
      "version": "1.15.0",
      "resolved": "https://registry.npmjs.org/sortablejs/-/sortablejs-1.15.0.tgz",
      "integrity": "sha512-bv9qgVMjUMf89wAvM6AxVvS/4MX3sPeN0+agqShejLU5z5GX4C75ow1O2e5k4L6XItUyAK3gH6AxSbXrOM5e8w==",
      "dev": true
    },
    "node_modules/tabbable": {
      "version": "6.1.1",
      "resolved": "https://registry.npmjs.org/tabbable/-/tabbable-6.1.1.tgz",
      "integrity": "sha512-4kl5w+nCB44EVRdO0g/UGoOp3vlwgycUVtkk/7DPyeLZUCuNFFKCFG6/t/DgHLrUPHjrZg6s5tNm+56Q2B0xyg==",
      "dev": true
    }
  },
  "dependencies": {
    "@esri/calcite-components": {
      "version": "1.2.0",
      "resolved": "https://registry.npmjs.org/@esri/calcite-components/-/calcite-components-1.2.0.tgz",
      "integrity": "sha512-IAMOcnN9KxwjGVl2HqTvYEo7I18DAs4R03/jcDICumwqVI3jzzlfbTpBuLNvxLN1gMMTIHQe35Rf2tPWTOOBDA==",
      "dev": true,
      "requires": {
        "@floating-ui/dom": "1.2.1",
        "@stencil/core": "2.22.3",
        "@types/color": "3.0.3",
        "color": "4.2.3",
        "focus-trap": "7.4.0",
        "form-request-submit-polyfill": "2.0.0",
        "lodash-es": "4.17.21",
        "sortablejs": "1.15.0"
      }
    },
    "@floating-ui/core": {
      "version": "1.2.5",
      "resolved": "https://registry.npmjs.org/@floating-ui/core/-/core-1.2.5.tgz",
      "integrity": "sha512-qrcbyfnRVziRlB6IYwjCopYhO7Vud750JlJyuljruIXcPxr22y8zdckcJGsuOdnQ639uVD1tTXddrcH3t3QYIQ==",
      "dev": true
    },
    "@floating-ui/dom": {
      "version": "1.2.1",
      "resolved": "https://registry.npmjs.org/@floating-ui/dom/-/dom-1.2.1.tgz",
      "integrity": "sha512-Rt45SmRiV8eU+xXSB9t0uMYiQ/ZWGE/jumse2o3i5RGlyvcbqOF4q+1qBnzLE2kZ5JGhq0iMkcGXUKbFe7MpTA==",
      "dev": true,
      "requires": {
        "@floating-ui/core": "^1.2.1"
      }
    },
    "@stencil/core": {
      "version": "2.22.3",
      "resolved": "https://registry.npmjs.org/@stencil/core/-/core-2.22.3.tgz",
      "integrity": "sha512-kmVA0M/HojwsfkeHsifvHVIYe4l5tin7J5+DLgtl8h6WWfiMClND5K3ifCXXI2ETDNKiEk21p6jql3Fx9o2rng=="
    },
    "@stencil/sass": {
      "version": "2.0.4",
      "resolved": "https://registry.npmjs.org/@stencil/sass/-/sass-2.0.4.tgz",
      "integrity": "sha512-tq+ZgJ9ynmag+e21cYmA6+YYJxBJapxjf94eL+uysxY78dM1801ydAhnT+64S5UnX8Jh+22uAuTY2bEYDBPUww==",
      "dev": true,
      "requires": {}
    },
    "@stencil/store": {
      "version": "2.0.5",
      "resolved": "https://registry.npmjs.org/@stencil/store/-/store-2.0.5.tgz",
      "integrity": "sha512-5X6/GREyC30NmKCPn0oGENmVmvCb8pZZL81JR4dpS/0DM/+Z4YQZE8V+SOdJcwpkjqtUMOzPfxTnOCVr0n6Dog==",
      "dev": true,
      "requires": {}
    },
    "@types/color": {
      "version": "3.0.3",
      "resolved": "https://registry.npmjs.org/@types/color/-/color-3.0.3.tgz",
      "integrity": "sha512-X//qzJ3d3Zj82J9sC/C18ZY5f43utPbAJ6PhYt/M7uG6etcF6MRpKdN880KBy43B0BMzSfeT96MzrsNjFI3GbA==",
      "dev": true,
      "requires": {
        "@types/color-convert": "*"
      }
    },
    "@types/color-convert": {
      "version": "2.0.0",
      "resolved": "https://registry.npmjs.org/@types/color-convert/-/color-convert-2.0.0.tgz",
      "integrity": "sha512-m7GG7IKKGuJUXvkZ1qqG3ChccdIM/qBBo913z+Xft0nKCX4hAU/IxKwZBU4cpRZ7GS5kV4vOblUkILtSShCPXQ==",
      "dev": true,
      "requires": {
        "@types/color-name": "*"
      }
    },
    "@types/color-name": {
      "version": "1.1.1",
      "resolved": "https://registry.npmjs.org/@types/color-name/-/color-name-1.1.1.tgz",
      "integrity": "sha512-rr+OQyAjxze7GgWrSaJwydHStIhHq2lvY3BOC2Mj7KnzI7XK0Uw1TOOdI9lDoajEbSWLiYgoo4f1R51erQfhPQ==",
      "dev": true
    },
    "@types/node": {
      "version": "18.15.11",
      "resolved": "https://registry.npmjs.org/@types/node/-/node-18.15.11.tgz",
      "integrity": "sha512-E5Kwq2n4SbMzQOn6wnmBjuK9ouqlURrcZDVfbo9ftDDTFt3nk7ZKK4GMOzoYgnpQJKcxwQw+lGaBvvlMo0qN/Q=="
    },
    "color": {
      "version": "4.2.3",
      "resolved": "https://registry.npmjs.org/color/-/color-4.2.3.tgz",
      "integrity": "sha512-1rXeuUUiGGrykh+CeBdu5Ie7OJwinCgQY0bc7GCRxy5xVHy+moaqkpL/jqQq0MtQOeYcrqEz4abc5f0KtU7W4A==",
      "dev": true,
      "requires": {
        "color-convert": "^2.0.1",
        "color-string": "^1.9.0"
      }
    },
    "color-convert": {
      "version": "2.0.1",
      "resolved": "https://registry.npmjs.org/color-convert/-/color-convert-2.0.1.tgz",
      "integrity": "sha512-RRECPsj7iu/xb5oKYcsFHSppFNnsj/52OVTRKb4zP5onXwVF3zVmmToNcOfGC+CRDpfK/U584fMg38ZHCaElKQ==",
      "dev": true,
      "requires": {
        "color-name": "~1.1.4"
      }
    },
    "color-name": {
      "version": "1.1.4",
      "resolved": "https://registry.npmjs.org/color-name/-/color-name-1.1.4.tgz",
      "integrity": "sha512-dOy+3AuW3a2wNbZHIuMZpTcgjGuLU/uBL/ubcZF9OXbDo8ff4O8yVp5Bf0efS8uEoYo5q4Fx7dY9OgQGXgAsQA==",
      "dev": true
    },
    "color-string": {
      "version": "1.9.1",
      "resolved": "https://registry.npmjs.org/color-string/-/color-string-1.9.1.tgz",
      "integrity": "sha512-shrVawQFojnZv6xM40anx4CkoDP+fZsw/ZerEMsW/pyzsRbElpsL/DBVW7q3ExxwusdNXI3lXpuhEZkzs8p5Eg==",
      "dev": true,
      "requires": {
        "color-name": "^1.0.0",
        "simple-swizzle": "^0.2.2"
      }
    },
    "focus-trap": {
      "version": "7.4.0",
      "resolved": "https://registry.npmjs.org/focus-trap/-/focus-trap-7.4.0.tgz",
      "integrity": "sha512-yI7FwUqU4TVb+7t6PaQ3spT/42r/KLEi8mtdGoQo2li/kFzmu9URmalTvw7xCCJtSOyhBxscvEAmvjeN9iHARg==",
      "dev": true,
      "requires": {
        "tabbable": "^6.1.1"
      }
    },
    "form-request-submit-polyfill": {
      "version": "2.0.0",
      "resolved": "https://registry.npmjs.org/form-request-submit-polyfill/-/form-request-submit-polyfill-2.0.0.tgz",
      "integrity": "sha512-p0+M92y2gFnP0AuuL8VJ0GYVzAT0bYp3GsSkmPFhvUopdnfDLP/9xplQTBBc4w8qOjKRzdK7GaFcdL9IhlXdTQ==",
      "dev": true
    },
    "is-arrayish": {
      "version": "0.3.2",
      "resolved": "https://registry.npmjs.org/is-arrayish/-/is-arrayish-0.3.2.tgz",
      "integrity": "sha512-eVRqCvVlZbuw3GrM63ovNSNAeA1K16kaR/LRY/92w0zxQ5/1YzwblUX652i4Xs9RwAGjW9d9y6X88t8OaAJfWQ==",
      "dev": true
    },
    "lodash-es": {
      "version": "4.17.21",
      "resolved": "https://registry.npmjs.org/lodash-es/-/lodash-es-4.17.21.tgz",
      "integrity": "sha512-mKnC+QJ9pWVzv+C4/U3rRsHapFfHvQFoFB92e52xeyGMcX6/OlIl78je1u8vePzYZSkkogMPJ2yjxxsb89cxyw==",
      "dev": true
    },
    "simple-swizzle": {
      "version": "0.2.2",
      "resolved": "https://registry.npmjs.org/simple-swizzle/-/simple-swizzle-0.2.2.tgz",
      "integrity": "sha512-JA//kQgZtbuY83m+xT+tXJkmJncGMTFT+C+g2h2R9uxkYIrE2yy9sgmcLhCnw57/WSD+Eh3J97FPEDFnbXnDUg==",
      "dev": true,
      "requires": {
        "is-arrayish": "^0.3.1"
      }
    },
    "sortablejs": {
      "version": "1.15.0",
      "resolved": "https://registry.npmjs.org/sortablejs/-/sortablejs-1.15.0.tgz",
      "integrity": "sha512-bv9qgVMjUMf89wAvM6AxVvS/4MX3sPeN0+agqShejLU5z5GX4C75ow1O2e5k4L6XItUyAK3gH6AxSbXrOM5e8w==",
      "dev": true
    },
    "tabbable": {
      "version": "6.1.1",
      "resolved": "https://registry.npmjs.org/tabbable/-/tabbable-6.1.1.tgz",
      "integrity": "sha512-4kl5w+nCB44EVRdO0g/UGoOp3vlwgycUVtkk/7DPyeLZUCuNFFKCFG6/t/DgHLrUPHjrZg6s5tNm+56Q2B0xyg==",
      "dev": true
    }
  }
}
